
Microsoft Visual Studio Solution File, Format Version 12.00
# Visual Studio Version 17
VisualStudioVersion = 17.4.33213.308
MinimumVisualStudioVersion = 10.0.40219.1
Project("{FAE04EC0-301F-11D3-BF4B-00C04F79EFBC}") = "NewsletterApi", "NewsletterApi.csproj", "{B3B69462-4D20-4445-A32F-D562FC0CFFC9}"
EndProject
Project("{E53339B2-1760-4266-BCC7-CA923CBCF16C}") = "docker-compose", "docker-compose.dcproj", "{056F8542-31BF-4B20-A498-1F852A14752D}"
EndProject
Global
	GlobalSection(SolutionConfigurationPlatforms) = preSolution
		Debug|Any CPU = Debug|Any CPU
		Release|Any CPU = Release|Any CPU
	EndGlobalSection
	GlobalSection(ProjectConfigurationPlatforms) = postSolution
		{B3B69462-4D20-4445-A32F-D562FC0CFFC9}.Debug|Any CPU.ActiveCfg = Debug|Any CPU
		{B3B69462-4D20-4445-A32F-D562FC0CFFC9}.Debug|Any CPU.Build.0 = Debug|Any CPU
		{B3B69462-4D20-4445-A32F-D562FC0CFFC9}.Release|Any CPU.ActiveCfg = Release|Any CPU
		{B3B69462-4D20-4445-A32F-D562FC0CFFC9}.Release|Any CPU.Build.0 = Release|Any CPU
		{056F8542-31BF-4B20-A498-1F852A14752D}.Debug|Any CPU.ActiveCfg = Debug|Any CPU
		{056F8542-31BF-4B20-A498-1F852A14752D}.Debug|Any CPU.Build.0 = Debug|Any CPU
		{056F8542-31BF-4B20-A498-1F852A14752D}.Release|Any CPU.ActiveCfg = Release|Any CPU
		{056F8542-31BF-4B20-A498-1F852A14752D}.Release|Any CPU.Build.0 = Release|Any CPU
	EndGlobalSection
	GlobalSection(SolutionProperties) = preSolution
		HideSolutionNode = FALSE
	EndGlobalSection
	GlobalSection(ExtensibilityGlobals) = postSolution
		SolutionGuid = {2B34E751-DC88-46B9-B6E9-BE128FB77BF9}
	EndGlobalSection
EndGlobal
